# This file is automatically @generated by Cargo.
# It is not intended for manual editing.
[[package]]
name = "exercises"
version = "0.1.0"
dependencies = [
 "factorial 0.1.0",
 "hello-world 0.1.0",
]

[[package]]
name = "factorial"
version = "0.1.0"

[[package]]
name = "hello-world"
version = "0.1.0"

